
Microsoft Visual Studio Solution File, Format Version 12.00
# Visual Studio Version 17
VisualStudioVersion = 17.12.35707.178
MinimumVisualStudioVersion = 10.0.40219.1
Project("{FAE04EC0-301F-11D3-BF4B-00C04F79EFBC}") = "BlazorSurvey", "BlazorSurvey\BlazorSurvey\BlazorSurvey.csproj", "{D108CDED-7071-4DBE-81DE-1757E9BC5D9B}"
EndProject
Project("{FAE04EC0-301F-11D3-BF4B-00C04F79EFBC}") = "BlazorSurvey.Client", "BlazorSurvey\BlazorSurvey.Client\BlazorSurvey.Client.csproj", "{D2AEE94F-E2EF-4079-86C9-D5D99FBCD17C}"
EndProject
Project("{2150E333-8FDC-42A3-9474-1A3956D46DE8}") = "Solution Items", "Solution Items", "{E3BD40C5-BED3-473D-B06B-92C8652973B2}"
	ProjectSection(SolutionItems) = preProject
		.editorconfig = .editorconfig
		Directory.Build.props = Directory.Build.props
		Directory.Packages.props = Directory.Packages.props
	EndProjectSection
EndProject
Project("{FAE04EC0-301F-11D3-BF4B-00C04F79EFBC}") = "BlazorSurvey.Shared", "BlazorSurvey\BlazorSurvey.Shared\BlazorSurvey.Shared.csproj", "{1D7C93EA-8CC6-4196-B19F-71B33C492674}"
EndProject
Global
	GlobalSection(SolutionConfigurationPlatforms) = preSolution
		Debug|Any CPU = Debug|Any CPU
		Release|Any CPU = Release|Any CPU
	EndGlobalSection
	GlobalSection(ProjectConfigurationPlatforms) = postSolution
		{D108CDED-7071-4DBE-81DE-1757E9BC5D9B}.Debug|Any CPU.ActiveCfg = Debug|Any CPU
		{D108CDED-7071-4DBE-81DE-1757E9BC5D9B}.Debug|Any CPU.Build.0 = Debug|Any CPU
		{D108CDED-7071-4DBE-81DE-1757E9BC5D9B}.Release|Any CPU.ActiveCfg = Release|Any CPU
		{D108CDED-7071-4DBE-81DE-1757E9BC5D9B}.Release|Any CPU.Build.0 = Release|Any CPU
		{D2AEE94F-E2EF-4079-86C9-D5D99FBCD17C}.Debug|Any CPU.ActiveCfg = Debug|Any CPU
		{D2AEE94F-E2EF-4079-86C9-D5D99FBCD17C}.Debug|Any CPU.Build.0 = Debug|Any CPU
		{D2AEE94F-E2EF-4079-86C9-D5D99FBCD17C}.Release|Any CPU.ActiveCfg = Release|Any CPU
		{D2AEE94F-E2EF-4079-86C9-D5D99FBCD17C}.Release|Any CPU.Build.0 = Release|Any CPU
		{1D7C93EA-8CC6-4196-B19F-71B33C492674}.Debug|Any CPU.ActiveCfg = Debug|Any CPU
		{1D7C93EA-8CC6-4196-B19F-71B33C492674}.Debug|Any CPU.Build.0 = Debug|Any CPU
		{1D7C93EA-8CC6-4196-B19F-71B33C492674}.Release|Any CPU.ActiveCfg = Release|Any CPU
		{1D7C93EA-8CC6-4196-B19F-71B33C492674}.Release|Any CPU.Build.0 = Release|Any CPU
	EndGlobalSection
	GlobalSection(SolutionProperties) = preSolution
		HideSolutionNode = FALSE
	EndGlobalSection
	GlobalSection(ExtensibilityGlobals) = postSolution
		SolutionGuid = {79E62716-E748-43A7-A653-02098DEEF9FA}
	EndGlobalSection
EndGlobal
